
Microsoft Visual Studio Solution File, Format Version 12.00
# Visual Studio Version 17
VisualStudioVersion = 17.10.34928.147
MinimumVisualStudioVersion = 10.0.40219.1
Project("{FAE04EC0-301F-11D3-BF4B-00C04F79EFBC}") = "OOP Exam2025", "OOP Exam2025\OOP Exam2025.csproj", "{ADF991DA-E424-44AF-A8EC-EB1918250943}"
EndProject
Global
	GlobalSection(SolutionConfigurationPlatforms) = preSolution
		Debug|Any CPU = Debug|Any CPU
		Release|Any CPU = Release|Any CPU
	EndGlobalSection
	GlobalSection(ProjectConfigurationPlatforms) = postSolution
		{ADF991DA-E424-44AF-A8EC-EB1918250943}.Debug|Any CPU.ActiveCfg = Debug|Any CPU
		{ADF991DA-E424-44AF-A8EC-EB1918250943}.Debug|Any CPU.Build.0 = Debug|Any CPU
		{ADF991DA-E424-44AF-A8EC-EB1918250943}.Release|Any CPU.ActiveCfg = Release|Any CPU
		{ADF991DA-E424-44AF-A8EC-EB1918250943}.Release|Any CPU.Build.0 = Release|Any CPU
	EndGlobalSection
	GlobalSection(SolutionProperties) = preSolution
		HideSolutionNode = FALSE
	EndGlobalSection
	GlobalSection(ExtensibilityGlobals) = postSolution
		SolutionGuid = {12E89765-2732-4A31-BB0B-81A487055AD4}
	EndGlobalSection
EndGlobal
